
Microsoft Visual Studio Solution File, Format Version 12.00
# Visual Studio 2012
Project("{FAE04EC0-301F-11D3-BF4B-00C04F79EFBC}") = "FactoryPattern", "FactoryPattern\FactoryPattern.csproj", "{8E5690FF-F4D4-40EC-A2A9-078CE27C5D01}"
EndProject
Global
	GlobalSection(SolutionConfigurationPlatforms) = preSolution
		Debug|Any CPU = Debug|Any CPU
		Release|Any CPU = Release|Any CPU
	EndGlobalSection
	GlobalSection(ProjectConfigurationPlatforms) = postSolution
		{8E5690FF-F4D4-40EC-A2A9-078CE27C5D01}.Debug|Any CPU.ActiveCfg = Debug|Any CPU
		{8E5690FF-F4D4-40EC-A2A9-078CE27C5D01}.Debug|Any CPU.Build.0 = Debug|Any CPU
		{8E5690FF-F4D4-40EC-A2A9-078CE27C5D01}.Release|Any CPU.ActiveCfg = Release|Any CPU
		{8E5690FF-F4D4-40EC-A2A9-078CE27C5D01}.Release|Any CPU.Build.0 = Release|Any CPU
	EndGlobalSection
	GlobalSection(SolutionProperties) = preSolution
		HideSolutionNode = FALSE
	EndGlobalSection
EndGlobal
